PODS:
  - GPUImage (0.1.7)
  - LvPopupMenu (1.0.0)
  - LYEmptyView (1.2.3)
  - MBProgressHUD (1.1.0)
  - pop (1.0.12)
  - Toast (4.0.0)
  - YCPopover (1.2.0)
  - YYKit (1.0.9):
    - YYKit/no-arc (= 1.0.9)
  - YYKit/no-arc (1.0.9)

DEPENDENCIES:
  - GPUImage (~> 0.1.7)
  - LvPopupMenu
  - LYEmptyView
  - MBProgressHUD (~> 1.1.0)
  - pop (~> 1.0)
  - Toast (~> 4.0.0)
  - YCPopover
  - YYKit

SPEC CHECKSUMS:
  GPUImage: 733a5f0fab92df9de1c37ba9df520a833ccb406d
  LvPopupMenu: 9b98377a4ec36fe036706dad0d180da9365cec3a
  LYEmptyView: ea5827f3f81fcbec427f990005501991477bdae8
  MBProgressHUD: e7baa36a220447d8aeb12769bf0585582f3866d9
  pop: d582054913807fd11fd50bfe6a539d91c7e1a55a
  Toast: 91b396c56ee72a5790816f40d3a94dd357abc196
  YCPopover: a11e06b685e9cddaa10e8f1bb3c1ba5bb52d719e
  YYKit: 7cda43304a8dc3696c449041e2cb3107b4e236e7

PODFILE CHECKSUM: 43d541d70f42353f2de9b62c383e81ab5ad54cdc

COCOAPODS: 1.4.0
